<?xml version="1.0" encoding="utf-8"?>
<Project ToolsVersion="4.0" xmlns="http://schemas.microsoft.com/developer/msbuild/2003">
  <ItemGroup>
    <Filter Include="Source Files">
      <UniqueIdentifier>{4FC737F1-C7A5-4376-A066-2A32D752A2FF}</UniqueIdentifier>
      <Extensions>cpp;c;cc;cxx;def;odl;idl;hpj;bat;asm;asmx</Extensions>
    </Filter>
    <Filter Include="Header Files">
      <UniqueIdentifier>{93995380-89BD-4b04-88EB-625FBE52EBFB}</UniqueIdentifier>
      <Extensions>h;hh;hpp;hxx;hm;inl;inc;xsd</Extensions>
    </Filter>
    <Filter Include="Resource Files">
      <UniqueIdentifier>{67DA6AB6-F800-4c08-8B7A-83BB121AAD01}</UniqueIdentifier>
      <Extensions>rc;ico;cur;bmp;dlg;rc2;rct;bin;rgs;gif;jpg;jpeg;jpe;resx;tiff;tif;png;wav;mfcribbon-ms</Extensions>
    </Filter>
  </ItemGroup>
  <ItemGroup>
    <ClInclude Include="__vm\.StarCarUno.vsarduino.h">
      <Filter>Header Files</Filter>
    </ClInclude>
    <ClInclude Include="StarCar.h">
      <Filter>Header Files</Filter>
    </ClInclude>
    <ClInclude Include="StarBoard.h">
      <Filter>Header Files</Filter>
    </ClInclude>
    <ClInclude Include="StarWatch.h">
      <Filter>Header Files</Filter>
    </ClInclude>
    <ClInclude Include="StarMotor.h">
      <Filter>Header Files</Filter>
    </ClInclude>
    <ClInclude Include="StarServo.h">
      <Filter>Header Files</Filter>
    </ClInclude>
    <ClInclude Include="driver\UsbDriver.h">
      <Filter>Header Files</Filter>
    </ClInclude>
    <ClInclude Include="StarController.h">
      <Filter>Header Files</Filter>
    </ClInclude>
    <ClInclude Include="StarCarDefines.h">
      <Filter>Header Files</Filter>
    </ClInclude>
    <ClInclude Include="StarSonic.h">
      <Filter>Header Files</Filter>
    </ClInclude>
  </ItemGroup>
  <ItemGroup>
    <None Include="StarCarUno.ino" />
  </ItemGroup>
  <ItemGroup>
    <ClCompile Include="StarBoard.cpp">
      <Filter>Source Files</Filter>
    </ClCompile>
    <ClCompile Include="StarWatch.cpp">
      <Filter>Source Files</Filter>
    </ClCompile>
    <ClCompile Include="StarMotor.cpp">
      <Filter>Source Files</Filter>
    </ClCompile>
    <ClCompile Include="StarServo.cpp">
      <Filter>Source Files</Filter>
    </ClCompile>
    <ClCompile Include="driver\UsbDriver.cpp">
      <Filter>Source Files</Filter>
    </ClCompile>
    <ClCompile Include="StarController.cpp">
      <Filter>Source Files</Filter>
    </ClCompile>
    <ClCompile Include="StarCar.cpp">
      <Filter>Source Files</Filter>
    </ClCompile>
    <ClCompile Include="StarSonic.cpp">
      <Filter>Source Files</Filter>
    </ClCompile>
  </ItemGroup>
</Project>