<?xml version="1.0" encoding="utf-8"?>
<Project ToolsVersion="4.0" xmlns="http://schemas.microsoft.com/developer/msbuild/2003">
  <ItemGroup>
    <Filter Include="Source Files">
      <UniqueIdentifier>{4FC737F1-C7A5-4376-A066-2A32D752A2FF}</UniqueIdentifier>
      <Extensions>cpp;c;cc;cxx;def;odl;idl;hpj;bat;asm;asmx</Extensions>
    </Filter>
    <Filter Include="Header Files">
      <UniqueIdentifier>{93995380-89BD-4b04-88EB-625FBE52EBFB}</UniqueIdentifier>
      <Extensions>h;hh;hpp;hxx;hm;inl;inc;xsd</Extensions>
    </Filter>
    <Filter Include="Resource Files">
      <UniqueIdentifier>{67DA6AB6-F800-4c08-8B7A-83BB121AAD01}</UniqueIdentifier>
      <Extensions>rc;ico;cur;bmp;dlg;rc2;rct;bin;rgs;gif;jpg;jpeg;jpe;resx;tiff;tif;png;wav;mfcribbon-ms</Extensions>
    </Filter>
  </ItemGroup>
  <ItemGroup>
    <ClInclude Include="car\actuators\StarMotor.h">
      <Filter>Header Files</Filter>
    </ClInclude>
    <ClInclude Include="car\actuators\StarServo.h">
      <Filter>Header Files</Filter>
    </ClInclude>
    <ClInclude Include="car\sensors\StarSonic.h">
      <Filter>Header Files</Filter>
    </ClInclude>
    <ClInclude Include="car\StarCar.h">
      <Filter>Header Files</Filter>
    </ClInclude>
    <ClInclude Include="car\StarCarDefines.h">
      <Filter>Header Files</Filter>
    </ClInclude>
    <ClInclude Include="car\controllers\StarController.h">
      <Filter>Header Files</Filter>
    </ClInclude>
    <ClInclude Include="car\controllers\StarWatch.h">
      <Filter>Header Files</Filter>
    </ClInclude>
    <ClInclude Include="drivers\UsbDriver.h">
      <Filter>Header Files</Filter>
    </ClInclude>
    <ClInclude Include="__vm\.StarCarUno.vsarduino.h">
      <Filter>Header Files</Filter>
    </ClInclude>
    <ClInclude Include="car\board\StarBoard.h">
      <Filter>Header Files</Filter>
    </ClInclude>
    <ClInclude Include="car\sensors\StarMagnetometer.h">
      <Filter>Header Files</Filter>
    </ClInclude>
    <ClInclude Include="car\sensors\StarAccelerometer.h">
      <Filter>Header Files</Filter>
    </ClInclude>
    <ClInclude Include="car\StarCarModule.h">
      <Filter>Header Files</Filter>
    </ClInclude>
    <ClInclude Include="drivers\IbcDriver.h">
      <Filter>Header Files</Filter>
    </ClInclude>
  </ItemGroup>
  <ItemGroup>
    <None Include="StarCarUno.ino" />
    <None Include="Overview.cd" />
  </ItemGroup>
  <ItemGroup>
    <ClCompile Include="car\actuators\StarMotor.cpp">
      <Filter>Source Files</Filter>
    </ClCompile>
    <ClCompile Include="car\actuators\StarServo.cpp">
      <Filter>Source Files</Filter>
    </ClCompile>
    <ClCompile Include="car\sensors\StarSonic.cpp">
      <Filter>Source Files</Filter>
    </ClCompile>
    <ClCompile Include="car\StarCar.cpp">
      <Filter>Source Files</Filter>
    </ClCompile>
    <ClCompile Include="car\controllers\StarController.cpp">
      <Filter>Source Files</Filter>
    </ClCompile>
    <ClCompile Include="car\controllers\StarWatch.cpp">
      <Filter>Source Files</Filter>
    </ClCompile>
    <ClCompile Include="drivers\UsbDriver.cpp">
      <Filter>Source Files</Filter>
    </ClCompile>
    <ClCompile Include="car\board\StarBoard.cpp">
      <Filter>Source Files</Filter>
    </ClCompile>
    <ClCompile Include="car\sensors\StarMagnetmeter.cpp">
      <Filter>Source Files</Filter>
    </ClCompile>
    <ClCompile Include="car\sensors\StarAccelerometer.cpp">
      <Filter>Source Files</Filter>
    </ClCompile>
    <ClCompile Include="car\StarCarModule.cpp">
      <Filter>Source Files</Filter>
    </ClCompile>
    <ClCompile Include="drivers\IbcDriver.cpp">
      <Filter>Source Files</Filter>
    </ClCompile>
  </ItemGroup>
</Project>